
Microsoft Visual Studio Solution File, Format Version 12.00
# Visual Studio Version 17
VisualStudioVersion = 17.8.34511.84
MinimumVisualStudioVersion = 10.0.40219.1
Project("{FAE04EC0-301F-11D3-BF4B-00C04F79EFBC}") = "Econtact1", "Econtact1\Econtact1.csproj", "{AE797D55-677A-4D4C-A9DA-D50C46EE144E}"
EndProject
Global
	GlobalSection(SolutionConfigurationPlatforms) = preSolution
		Debug|Any CPU = Debug|Any CPU
		Release|Any CPU = Release|Any CPU
	EndGlobalSection
	GlobalSection(ProjectConfigurationPlatforms) = postSolution
		{AE797D55-677A-4D4C-A9DA-D50C46EE144E}.Debug|Any CPU.ActiveCfg = Debug|Any CPU
		{AE797D55-677A-4D4C-A9DA-D50C46EE144E}.Debug|Any CPU.Build.0 = Debug|Any CPU
		{AE797D55-677A-4D4C-A9DA-D50C46EE144E}.Release|Any CPU.ActiveCfg = Release|Any CPU
		{AE797D55-677A-4D4C-A9DA-D50C46EE144E}.Release|Any CPU.Build.0 = Release|Any CPU
	EndGlobalSection
	GlobalSection(SolutionProperties) = preSolution
		HideSolutionNode = FALSE
	EndGlobalSection
	GlobalSection(ExtensibilityGlobals) = postSolution
		SolutionGuid = {14E6EADB-16FB-4663-9EE0-030E6C9F340B}
	EndGlobalSection
EndGlobal
